{
  "pins" : [
    {
      "identity" : "alamofire",
      "kind" : "remoteSourceControl",
      "location" : "https://github.com/Alamofire/Alamofire.git",
      "state" : {
        "revision" : "8dd85aee02e39dd280c75eef88ffdb86eed4b07b",
        "version" : "5.6.2"
      }
    },
    {
      "identity" : "bonmot",
      "kind" : "remoteSourceControl",
      "location" : "https://github.com/Rightpoint/BonMot.git",
      "state" : {
        "revision" : "2df34a28c97e2413c44a7be70b6dd15adf783baf",
        "version" : "6.1.1"
      }
    },
    {
      "identity" : "inject",
      "kind" : "remoteSourceControl",
      "location" : "https://github.com/krzysztofzablocki/Inject.git",
      "state" : {
        "branch" : "main",
        "revision" : "008c01442cdde28923cf83bf5a65f17eed097c0e"
      }
    },
    {
      "identity" : "kingfisher",
      "kind" : "remoteSourceControl",
      "location" : "https://github.com/onevcat/Kingfisher.git",
      "state" : {
        "revision" : "be1a1acb283a702b99b630f586877ba02234b4cb",
        "version" : "7.3.2"
      }
    },
    {
      "identity" : "lookinserver",
      "kind" : "remoteSourceControl",
      "location" : "https://github.com/QMUI/LookinServer/",
      "state" : {
        "branch" : "develop",
        "revision" : "e50111d5d1e504c7d0a17f1d82574e357e03bea9"
      }
    },
    {
      "identity" : "moya",
      "kind" : "remoteSourceControl",
      "location" : "https://github.com/Moya/Moya.git",
      "state" : {
        "branch" : "master",
        "revision" : "77e67c0b25ebd785c6fe56cad544885f67c8c2c4"
      }
    },
    {
      "identity" : "netfox",
      "kind" : "remoteSourceControl",
      "location" : "https://github.com/kasketis/netfox",
      "state" : {
        "branch" : "develop",
        "revision" : "706cbc104b6ab3eddbfac15e9a2d8f11b38a0af5"
      }
    },
    {
      "identity" : "reactiveswift",
      "kind" : "remoteSourceControl",
      "location" : "https://github.com/ReactiveCocoa/ReactiveSwift.git",
      "state" : {
        "revision" : "c43bae3dac73fdd3cb906bd5a1914686ca71ed3c",
        "version" : "6.7.0"
      }
    },
    {
      "identity" : "reactorkit",
      "kind" : "remoteSourceControl",
      "location" : "https://github.com/ReactorKit/ReactorKit.git",
      "state" : {
        "revision" : "8fa33f09c6f6621a2aa536d739956d53b84dd139",
        "version" : "3.2.0"
      }
    },
    {
      "identity" : "reusablekit",
      "kind" : "remoteSourceControl",
      "location" : "https://github.com/devxoul/ReusableKit",
      "state" : {
        "branch" : "master",
        "revision" : "9a5756ba41f7a864ff0738c21876d52b9e67eec7"
      }
    },
    {
      "identity" : "rxdatasources",
      "kind" : "remoteSourceControl",
      "location" : "https://github.com/RxSwiftCommunity/RxDataSources.git",
      "state" : {
        "branch" : "main",
        "revision" : "bbfea3869f5492580563c676acda729c64fa489e"
      }
    },
    {
      "identity" : "rxswift",
      "kind" : "remoteSourceControl",
      "location" : "https://github.com/ReactiveX/RxSwift.git",
      "state" : {
        "branch" : "main",
        "revision" : "e0ab8c4e18baf6679a65b325155923276b832687"
      }
    },
    {
      "identity" : "snapkit",
      "kind" : "remoteSourceControl",
      "location" : "https://github.com/SnapKit/SnapKit",
      "state" : {
        "revision" : "f222cbdf325885926566172f6f5f06af95473158",
        "version" : "5.6.0"
      }
    },
    {
      "identity" : "then",
      "kind" : "remoteSourceControl",
      "location" : "https://github.com/devxoul/Then",
      "state" : {
        "branch" : "master",
        "revision" : "d41ef523faef0f911369f79c0b96815d9dbb6d7a"
      }
    },
    {
      "identity" : "weakmaptable",
      "kind" : "remoteSourceControl",
      "location" : "https://github.com/ReactorKit/WeakMapTable.git",
      "state" : {
        "revision" : "cb05d64cef2bbf51e85c53adee937df46540a74e",
        "version" : "1.2.1"
      }
    }
  ],
  "version" : 2
}
